schema: '2.0'
stages:
  data:
    cmd: python prepare_data.py
    deps:
    - path: prepare_data.py
      hash: md5
      md5: 02cb8f8e9376e3171ab4750fb9d9e57e
      size: 682
    outs:
    - path: data/features.csv
      hash: md5
      md5: 3f66fdae3a9af8b3d37fe1870dc73591
      size: 9885
  train_RF:
    cmd: python train_rf.py
    deps:
    - path: data/features.csv
      hash: md5
      md5: 3f66fdae3a9af8b3d37fe1870dc73591
      size: 9885
    outs:
    - path: models/model_RF.pkl
      hash: md5
      md5: a102913fdd61c4042221c0ad4325b57e
      size: 415593
  train_LR:
    cmd: python train_lr.py
    deps:
    - path: data/features.csv
      hash: md5
      md5: f381866d80065e628efe22bc415aa088
      size: 9890
    outs:
    - path: models/model_LR.pkl
      hash: md5
      md5: c58889e43ed3ba78b38d6ef7f060f1af
      size: 1279
  evaluate:
    cmd: python evaluate_models.py
    deps:
    - path: models/model_LR.pkl
      hash: md5
      md5: 2af3e4ff1685157040cde9daf0f177d8
      size: 1279
    - path: models/model_RF.pkl
      hash: md5
      md5: ca7b3b510559ef0533e920a81fc90499
      size: 417193
    outs:
    - path: reports/metrics_report.json
      hash: md5
      md5: e7b747aa7845dccd2523223c7221e9d5
      size: 53
