schema: '2.0'
stages:
  data:
    cmd: python prepare_data.py
    deps:
    - path: prepare_data.py
      hash: md5
      md5: 02cb8f8e9376e3171ab4750fb9d9e57e
      size: 682
    outs:
    - path: data/features.csv
      hash: md5
      md5: f927cdc47627783f7b6224ad38f87c59
      size: 9888
  train_RF:
    cmd: python train_rf.py
    deps:
    - path: data/features.csv
      hash: md5
      md5: f927cdc47627783f7b6224ad38f87c59
      size: 9888
    outs:
    - path: models/model_RF.pkl
      hash: md5
      md5: d5a22b3a0f81d3efced9301df16ac019
      size: 408713
  train_LR:
    cmd: python train_lr.py
    deps:
    - path: data/features.csv
      hash: md5
      md5: f927cdc47627783f7b6224ad38f87c59
      size: 9888
    outs:
    - path: models/model_LR.pkl
      hash: md5
      md5: 1e666b6784c2f4c734e208e32519069a
      size: 1279
  evaluate:
    cmd: python evaluate_models.py
    deps:
    - path: models/model_LR.pkl
      hash: md5
      md5: 1e666b6784c2f4c734e208e32519069a
      size: 1279
    - path: models/model_RF.pkl
      hash: md5
      md5: d5a22b3a0f81d3efced9301df16ac019
      size: 408713
    outs:
    - path: reports/metrics_report.json
      hash: md5
      md5: e7b747aa7845dccd2523223c7221e9d5
      size: 53
