schema: '2.0'
stages:
  evaluate:
    cmd: python evaluate_models.py
    deps:
    - path: models/model_LR.pkl
      hash: md5
      md5: 7dffa0c0d4abf1ae8b6d64bb2b380001
      size: 1279
    - path: models/model_RF.pkl
      hash: md5
      md5: 495dbbacbd79efc3aedfa57ee8f945d7
      size: 378953
    outs:
    - path: reports/evaluate_metrics_report.json
      hash: md5
      md5: 1dd23fbc92b96518255a26a06f53a339
      size: 53
