schema: '2.0'
stages:
  data:
    cmd: python prepare_data.py
    deps:
    - path: prepare_data.py
      hash: md5
      md5: 02cb8f8e9376e3171ab4750fb9d9e57e
      size: 682
    outs:
    - path: data/features.csv
      hash: md5
      md5: 93d6b52e2349326b74a0124b1e9229af
      size: 9892
  evaluate:
    cmd: python evaluate_models.py
    deps:
    - path: models/model_lr.pkl
      hash: md5
      md5: 4b4c7d0179d9b0ada4329c23845f06be
      size: 1285
    - path: models/model_rf.pkl
      hash: md5
      md5: 7aad89ed0314d5a55f025edf84fee92c
      size: 410153
    outs:
    - path: reports/metrics_report.json
      hash: md5
      md5: 72c168f8346369285b30623afc4a20aa
      size: 53
  train_rf:
    cmd: python train_rf.py
    deps:
    - path: data/features.csv
      hash: md5
      md5: 5129c88f7e4b2ccfd407598b2029cb61
      size: 9883
    outs:
    - path: models/model_rf.pkl
      hash: md5
      md5: 7aad89ed0314d5a55f025edf84fee92c
      size: 410153
  train_lr:
    cmd: python train_lr.py
    deps:
    - path: data/features.csv
      hash: md5
      md5: 5129c88f7e4b2ccfd407598b2029cb61
      size: 9883
    - path: train_lr.py
      hash: md5
      md5: 1edfa4dd4a10b3c1f827101b5ce70531
      size: 1439
    outs:
    - path: models/model_lr.pkl
      hash: md5
      md5: 4b4c7d0179d9b0ada4329c23845f06be
      size: 1285
  load_data:
    cmd: python load_data.py
    deps:
    - path: data/raw
      hash: md5
      md5: b05fcbe34d09b282127deb4ad2db0c95.dir
      size: 0
      nfiles: 3
    outs:
    - path: data/processed
      hash: md5
      md5: b05fcbe34d09b282127deb4ad2db0c95.dir
      size: 0
      nfiles: 3
    - path: data/processed_files.txt
      hash: md5
      md5: ecc159f0d65a991ae445571f3694ad6f
      size: 30
  prepare_data:
    cmd: python prepare_data.py
    deps:
    - path: data/processed_files.txt
      hash: md5
      md5: ecc159f0d65a991ae445571f3694ad6f
      size: 30
    - path: prepare_data.py
      hash: md5
      md5: 02cb8f8e9376e3171ab4750fb9d9e57e
      size: 682
    outs:
    - path: data/features.csv
      hash: md5
      md5: 5129c88f7e4b2ccfd407598b2029cb61
      size: 9883
