schema: '2.0'
stages:
  data:
    cmd: python prepare_data.py
    deps:
    - path: prepare_data.py
      hash: md5
      md5: 02cb8f8e9376e3171ab4750fb9d9e57e
      size: 682
    outs:
    - path: data/features.csv
      hash: md5
      md5: 93d6b52e2349326b74a0124b1e9229af
      size: 9892
  evaluate:
    cmd: python evaluate_models.py
    deps:
    - path: models/model_lr.pkl
      hash: md5
      md5: 81ec92e94a850e6ec8e44200d4be26df
      size: 1285
    - path: models/model_rf.pkl
      hash: md5
      md5: 1535c4ea3a4f55237a37f3840cb96888
      size: 410313
    outs:
    - path: reports/metrics_report.json
      hash: md5
      md5: 782c4fc213c088f9963f0bf89e0c3c0a
      size: 53
  train_rf:
    cmd: python train_rf.py
    deps:
    - path: data/features.csv
      hash: md5
      md5: 6c9dd14f2a7388955ff837612f55a8ac
      size: 9894
    outs:
    - path: models/model_rf.pkl
      hash: md5
      md5: 1535c4ea3a4f55237a37f3840cb96888
      size: 410313
  train_lr:
    cmd: python train_lr.py
    deps:
    - path: data/features.csv
      hash: md5
      md5: 6c9dd14f2a7388955ff837612f55a8ac
      size: 9894
    - path: train_lr.py
      hash: md5
      md5: d645031a1453a61a2cc825d563131360
      size: 1063
    outs:
    - path: models/model_lr.pkl
      hash: md5
      md5: 81ec92e94a850e6ec8e44200d4be26df
      size: 1285
  load_data:
    cmd: python load_data.py
    deps:
    - path: data/raw
      hash: md5
      md5: b05fcbe34d09b282127deb4ad2db0c95.dir
      size: 0
      nfiles: 3
    outs:
    - path: data/processed
      hash: md5
      md5: b05fcbe34d09b282127deb4ad2db0c95.dir
      size: 0
      nfiles: 3
    - path: data/processed_files.txt
      hash: md5
      md5: ecc159f0d65a991ae445571f3694ad6f
      size: 30
  prepare_data:
    cmd: python prepare_data.py
    deps:
    - path: data/processed_files.txt
      hash: md5
      md5: ecc159f0d65a991ae445571f3694ad6f
      size: 30
    - path: prepare_data.py
      hash: md5
      md5: 02cb8f8e9376e3171ab4750fb9d9e57e
      size: 682
    outs:
    - path: data/features.csv
      hash: md5
      md5: 6c9dd14f2a7388955ff837612f55a8ac
      size: 9894
