schema: '2.0'
stages:
  evaluate:
    cmd: python evaluate_models.py
    deps:
    - path: models/model_lr.pkl
      hash: md5
      md5: 4a511c98eab69e352fd46c3d61fa400c
      size: 1285
    - path: models/model_rf.pkl
      hash: md5
      md5: 737dd4ac9dc27aff0b26e29bf0cb20a5
      size: 403113
    outs:
    - path: reports/metrics_report.json
      hash: md5
      md5: c4c64e3d7a56490a24888371ef284300
      size: 54
  data:
    cmd: python prepare_data.py
    deps:
    - path: prepare_data.py
      hash: md5
      md5: 02cb8f8e9376e3171ab4750fb9d9e57e
      size: 682
    outs:
    - path: data/features.csv
      hash: md5
      md5: 8e35c6eb87e93c839c0dd6a7d182935b
      size: 9909
  train_lr:
    cmd: python train_lr.py
    deps:
    - path: data/features.csv
      hash: md5
      md5: 8e35c6eb87e93c839c0dd6a7d182935b
      size: 9909
  train_rf:
    cmd: python train_rf.py
    deps:
    - path: data/features.csv
      hash: md5
      md5: 8e35c6eb87e93c839c0dd6a7d182935b
      size: 9909
