schema: '2.0'
stages:
  evaluate:
    cmd: python evaluate_models.py
    deps:
    - path: models/model_lr.pkl
      hash: md5
      md5: cdd1ebf3eb7c0215cd613b456ab397df
      size: 1279
    - path: models/model_rf.pkl
      hash: md5
      md5: 5c32bda424f2e5782b6db5ff5b9b69b9
      size: 410153
    outs:
    - path: reports/metrics_report.json
      hash: md5
      md5: fb930f284d42ef26c9adb43cf39b27cd
      size: 52
  data:
    cmd: python prepare_data.py
    deps:
    - path: prepare_data.py
      hash: md5
      md5: 02cb8f8e9376e3171ab4750fb9d9e57e
      size: 682
    outs:
    - path: data/features.csv
      hash: md5
      md5: ec607cf70cc7411eee47de3bc27fef27
      size: 9887
  train_lr:
    cmd: python train_lr.py
    deps:
    - path: data/features.csv
      hash: md5
      md5: ec607cf70cc7411eee47de3bc27fef27
      size: 9887
  train_rf:
    cmd: python train_rf.py
    deps:
    - path: data/features.csv
      hash: md5
      md5: ec607cf70cc7411eee47de3bc27fef27
      size: 9887
